
Microsoft Visual Studio Solution File, Format Version 12.00
# Visual Studio Version 17
VisualStudioVersion = 17.4.33103.184
MinimumVisualStudioVersion = 10.0.40219.1
Project("{FAE04EC0-301F-11D3-BF4B-00C04F79EFBC}") = "ClasificadorBilletes", "ClasificadorBilletes\ClasificadorBilletes.csproj", "{E81DDBB5-9481-46C6-BC20-3D46D35D50BC}"
EndProject
Global
	GlobalSection(SolutionConfigurationPlatforms) = preSolution
		Debug|Any CPU = Debug|Any CPU
		Release|Any CPU = Release|Any CPU
	EndGlobalSection
	GlobalSection(ProjectConfigurationPlatforms) = postSolution
		{E81DDBB5-9481-46C6-BC20-3D46D35D50BC}.Debug|Any CPU.ActiveCfg = Debug|Any CPU
		{E81DDBB5-9481-46C6-BC20-3D46D35D50BC}.Debug|Any CPU.Build.0 = Debug|Any CPU
		{E81DDBB5-9481-46C6-BC20-3D46D35D50BC}.Release|Any CPU.ActiveCfg = Release|Any CPU
		{E81DDBB5-9481-46C6-BC20-3D46D35D50BC}.Release|Any CPU.Build.0 = Release|Any CPU
	EndGlobalSection
	GlobalSection(SolutionProperties) = preSolution
		HideSolutionNode = FALSE
	EndGlobalSection
	GlobalSection(ExtensibilityGlobals) = postSolution
		SolutionGuid = {0DEFD2FF-1654-42AD-BE87-F434D71AE92D}
	EndGlobalSection
EndGlobal
