
Microsoft Visual Studio Solution File, Format Version 12.00
# Visual Studio Version 17
VisualStudioVersion = 17.4.33103.184
MinimumVisualStudioVersion = 10.0.40219.1
Project("{FAE04EC0-301F-11D3-BF4B-00C04F79EFBC}") = "T5", "T5\T5.csproj", "{974EE794-55CF-4C3B-A82E-FFE3C3B28251}"
EndProject
Global
	GlobalSection(SolutionConfigurationPlatforms) = preSolution
		Debug|Any CPU = Debug|Any CPU
		Release|Any CPU = Release|Any CPU
	EndGlobalSection
	GlobalSection(ProjectConfigurationPlatforms) = postSolution
		{974EE794-55CF-4C3B-A82E-FFE3C3B28251}.Debug|Any CPU.ActiveCfg = Debug|Any CPU
		{974EE794-55CF-4C3B-A82E-FFE3C3B28251}.Debug|Any CPU.Build.0 = Debug|Any CPU
		{974EE794-55CF-4C3B-A82E-FFE3C3B28251}.Release|Any CPU.ActiveCfg = Release|Any CPU
		{974EE794-55CF-4C3B-A82E-FFE3C3B28251}.Release|Any CPU.Build.0 = Release|Any CPU
	EndGlobalSection
	GlobalSection(SolutionProperties) = preSolution
		HideSolutionNode = FALSE
	EndGlobalSection
	GlobalSection(ExtensibilityGlobals) = postSolution
		SolutionGuid = {2FDB30B4-EC36-4FB8-A177-EDEC2B1335FC}
	EndGlobalSection
EndGlobal
